version = 1
revision = 1
requires-python = ">=3.9"

[[package]]
name = "colorama"
version = "0.4.6"
source = { registry = "https://pypi.org/simple" }
sdist = { url = "https://files.pythonhosted.org/packages/d8/53/6f443c9a4a8358a93a6792e2acffb9d9d5cb0a5cfd8802644b7b1c9a02e4/colorama-0.4.6.tar.gz", hash = "sha256:08695f5cb7ed6e0531a20572697297273c47b8cae5a63ffc6d6ed5c201be6e44", size = 27697 }
wheels = [
    { url = "https://files.pythonhosted.org/packages/d1/d6/3965ed04c63042e047cb6a3e6ed1a63a35087b6a609aa3a15ed8ac56c221/colorama-0.4.6-py2.py3-none-any.whl", hash = "sha256:4f1d9991f5acc0ca119f9d443620b77f9d6b33703e51011c16baf57afb285fc6", size = 25335 },
]

[[package]]
name = "exceptiongroup"
version = "1.2.2"
source = { registry = "https://pypi.org/simple" }
sdist = { url = "https://files.pythonhosted.org/packages/09/35/2495c4ac46b980e4ca1f6ad6db102322ef3ad2410b79fdde159a4b0f3b92/exceptiongroup-1.2.2.tar.gz", hash = "sha256:47c2edf7c6738fafb49fd34290706d1a1a2f4d1c6df275526b62cbb4aa5393cc", size = 28883 }
wheels = [
    { url = "https://files.pythonhosted.org/packages/02/cc/b7e31358aac6ed1ef2bb790a9746ac2c69bcb3c8588b41616914eb106eaf/exceptiongroup-1.2.2-py3-none-any.whl", hash = "sha256:3111b9d131c238bec2f8f516e123e14ba243563fb135d3fe885990585aa7795b", size = 16453 },
]

[[package]]
name = "grpcio"
version = "1.70.0"
source = { registry = "https://pypi.org/simple" }
sdist = { url = "https://files.pythonhosted.org/packages/69/e1/4b21b5017c33f3600dcc32b802bb48fe44a4d36d6c066f52650c7c2690fa/grpcio-1.70.0.tar.gz", hash = "sha256:8d1584a68d5922330025881e63a6c1b54cc8117291d382e4fa69339b6d914c56", size = 12788932 }
wheels = [
    { url = "https://files.pythonhosted.org/packages/10/e9/f72408bac1f7b05b25e4df569b02d6b200c8e7857193aa9f1df7a3744add/grpcio-1.70.0-cp310-cp310-linux_armv7l.whl", hash = "sha256:95469d1977429f45fe7df441f586521361e235982a0b39e33841549143ae2851", size = 5229736 },
    { url = "https://files.pythonhosted.org/packages/b3/17/e65139ea76dac7bcd8a3f17cbd37e3d1a070c44db3098d0be5e14c5bd6a1/grpcio-1.70.0-cp310-cp310-macosx_12_0_universal2.whl", hash = "sha256:ed9718f17fbdb472e33b869c77a16d0b55e166b100ec57b016dc7de9c8d236bf", size = 11432751 },
    { url = "https://files.pythonhosted.org/packages/a0/12/42de6082b4ab14a59d30b2fc7786882fdaa75813a4a4f3d4a8c4acd6ed59/grpcio-1.70.0-cp310-cp310-manylinux_2_17_aarch64.whl", hash = "sha256:374d014f29f9dfdb40510b041792e0e2828a1389281eb590df066e1cc2b404e5", size = 5711439 },
    { url = "https://files.pythonhosted.org/packages/34/f8/b5a19524d273cbd119274a387bb72d6fbb74578e13927a473bc34369f079/grpcio-1.70.0-cp310-cp310-manylinux_2_17_i686.manylinux2014_i686.whl", hash = "sha256:f2af68a6f5c8f78d56c145161544ad0febbd7479524a59c16b3e25053f39c87f", size = 6330777 },
    { url = "https://files.pythonhosted.org/packages/1a/67/3d6c0ad786238aac7fa93b79246fc452978fbfe9e5f86f70da8e8a2797d0/grpcio-1.70.0-cp310-cp310-manylinux_2_17_x86_64.manylinux2014_x86_64.whl", hash = "sha256:ce7df14b2dcd1102a2ec32f621cc9fab6695effef516efbc6b063ad749867295", size = 5944639 },
    { url = "https://files.pythonhosted.org/packages/76/0d/d9f7cbc41c2743cf18236a29b6a582f41bd65572a7144d92b80bc1e68479/grpcio-1.70.0-cp310-cp310-musllinux_1_1_i686.whl", hash = "sha256:c78b339869f4dbf89881e0b6fbf376313e4f845a42840a7bdf42ee6caed4b11f", size = 6643543 },
    { url = "https://files.pythonhosted.org/packages/fc/24/bdd7e606b3400c14330e33a4698fa3a49e38a28c9e0a831441adbd3380d2/grpcio-1.70.0-cp310-cp310-musllinux_1_1_x86_64.whl", hash = "sha256:58ad9ba575b39edef71f4798fdb5c7b6d02ad36d47949cd381d4392a5c9cbcd3", size = 6199897 },
    { url = "https://files.pythonhosted.org/packages/d1/33/8132eb370087960c82d01b89faeb28f3e58f5619ffe19889f57c58a19c18/grpcio-1.70.0-cp310-cp310-win32.whl", hash = "sha256:2b0d02e4b25a5c1f9b6c7745d4fa06efc9fd6a611af0fb38d3ba956786b95199", size = 3617513 },
    { url = "https://files.pythonhosted.org/packages/99/bc/0fce5cfc0ca969df66f5dca6cf8d2258abb88146bf9ab89d8cf48e970137/grpcio-1.70.0-cp310-cp310-win_amd64.whl", hash = "sha256:0de706c0a5bb9d841e353f6343a9defc9fc35ec61d6eb6111802f3aa9fef29e1", size = 4303342 },
    { url = "https://files.pythonhosted.org/packages/65/c4/1f67d23d6bcadd2fd61fb460e5969c52b3390b4a4e254b5e04a6d1009e5e/grpcio-1.70.0-cp311-cp311-linux_armv7l.whl", hash = "sha256:17325b0be0c068f35770f944124e8839ea3185d6d54862800fc28cc2ffad205a", size = 5229017 },
    { url = "https://files.pythonhosted.org/packages/e4/bd/cc36811c582d663a740fb45edf9f99ddbd99a10b6ba38267dc925e1e193a/grpcio-1.70.0-cp311-cp311-macosx_10_14_universal2.whl", hash = "sha256:dbe41ad140df911e796d4463168e33ef80a24f5d21ef4d1e310553fcd2c4a386", size = 11472027 },
    { url = "https://files.pythonhosted.org/packages/7e/32/8538bb2ace5cd72da7126d1c9804bf80b4fe3be70e53e2d55675c24961a8/grpcio-1.70.0-cp311-cp311-manylinux_2_17_aarch64.whl", hash = "sha256:5ea67c72101d687d44d9c56068328da39c9ccba634cabb336075fae2eab0d04b", size = 5707785 },
    { url = "https://files.pythonhosted.org/packages/ce/5c/a45f85f2a0dfe4a6429dee98717e0e8bd7bd3f604315493c39d9679ca065/grpcio-1.70.0-cp311-cp311-manylinux_2_17_i686.manylinux2014_i686.whl", hash = "sha256:cb5277db254ab7586769e490b7b22f4ddab3876c490da0a1a9d7c695ccf0bf77", size = 6331599 },
    { url = "https://files.pythonhosted.org/packages/9f/e5/5316b239380b8b2ad30373eb5bb25d9fd36c0375e94a98a0a60ea357d254/grpcio-1.70.0-cp311-cp311-manylinux_2_17_x86_64.manylinux2014_x86_64.whl", hash = "sha256:e7831a0fc1beeeb7759f737f5acd9fdcda520e955049512d68fda03d91186eea", size = 5940834 },
    { url = "https://files.pythonhosted.org/packages/05/33/dbf035bc6d167068b4a9f2929dfe0b03fb763f0f861ecb3bb1709a14cb65/grpcio-1.70.0-cp311-cp311-musllinux_1_1_i686.whl", hash = "sha256:27cc75e22c5dba1fbaf5a66c778e36ca9b8ce850bf58a9db887754593080d839", size = 6641191 },
    { url = "https://files.pythonhosted.org/packages/4c/c4/684d877517e5bfd6232d79107e5a1151b835e9f99051faef51fed3359ec4/grpcio-1.70.0-cp311-cp311-musllinux_1_1_x86_64.whl", hash = "sha256:d63764963412e22f0491d0d32833d71087288f4e24cbcddbae82476bfa1d81fd", size = 6198744 },
    { url = "https://files.pythonhosted.org/packages/e9/43/92fe5eeaf340650a7020cfb037402c7b9209e7a0f3011ea1626402219034/grpcio-1.70.0-cp311-cp311-win32.whl", hash = "sha256:bb491125103c800ec209d84c9b51f1c60ea456038e4734688004f377cfacc113", size = 3617111 },
    { url = "https://files.pythonhosted.org/packages/55/15/b6cf2c9515c028aff9da6984761a3ab484a472b0dc6435fcd07ced42127d/grpcio-1.70.0-cp311-cp311-win_amd64.whl", hash = "sha256:d24035d49e026353eb042bf7b058fb831db3e06d52bee75c5f2f3ab453e71aca", size = 4304604 },
    { url = "https://files.pythonhosted.org/packages/4c/a4/ddbda79dd176211b518f0f3795af78b38727a31ad32bc149d6a7b910a731/grpcio-1.70.0-cp312-cp312-linux_armv7l.whl", hash = "sha256:ef4c14508299b1406c32bdbb9fb7b47612ab979b04cf2b27686ea31882387cff", size = 5198135 },
    { url = "https://files.pythonhosted.org/packages/30/5c/60eb8a063ea4cb8d7670af8fac3f2033230fc4b75f62669d67c66ac4e4b0/grpcio-1.70.0-cp312-cp312-macosx_10_14_universal2.whl", hash = "sha256:aa47688a65643afd8b166928a1da6247d3f46a2784d301e48ca1cc394d2ffb40", size = 11447529 },
    { url = "https://files.pythonhosted.org/packages/fb/b9/1bf8ab66729f13b44e8f42c9de56417d3ee6ab2929591cfee78dce749b57/grpcio-1.70.0-cp312-cp312-manylinux_2_17_aarch64.whl", hash = "sha256:880bfb43b1bb8905701b926274eafce5c70a105bc6b99e25f62e98ad59cb278e", size = 5664484 },
    { url = "https://files.pythonhosted.org/packages/d1/06/2f377d6906289bee066d96e9bdb91e5e96d605d173df9bb9856095cccb57/grpcio-1.70.0-cp312-cp312-manylinux_2_17_i686.manylinux2014_i686.whl", hash = "sha256:9e654c4b17d07eab259d392e12b149c3a134ec52b11ecdc6a515b39aceeec898", size = 6303739 },
    { url = "https://files.pythonhosted.org/packages/ae/50/64c94cfc4db8d9ed07da71427a936b5a2bd2b27c66269b42fbda82c7c7a4/grpcio-1.70.0-cp312-cp312-manylinux_2_17_x86_64.manylinux2014_x86_64.whl", hash = "sha256:2394e3381071045a706ee2eeb6e08962dd87e8999b90ac15c55f56fa5a8c9597", size = 5910417 },
    { url = "https://files.pythonhosted.org/packages/53/89/8795dfc3db4389c15554eb1765e14cba8b4c88cc80ff828d02f5572965af/grpcio-1.70.0-cp312-cp312-musllinux_1_1_i686.whl", hash = "sha256:b3c76701428d2df01964bc6479422f20e62fcbc0a37d82ebd58050b86926ef8c", size = 6626797 },
    { url = "https://files.pythonhosted.org/packages/9c/b2/6a97ac91042a2c59d18244c479ee3894e7fb6f8c3a90619bb5a7757fa30c/grpcio-1.70.0-cp312-cp312-musllinux_1_1_x86_64.whl", hash = "sha256:ac073fe1c4cd856ebcf49e9ed6240f4f84d7a4e6ee95baa5d66ea05d3dd0df7f", size = 6190055 },
    { url = "https://files.pythonhosted.org/packages/86/2b/28db55c8c4d156053a8c6f4683e559cd0a6636f55a860f87afba1ac49a51/grpcio-1.70.0-cp312-cp312-win32.whl", hash = "sha256:cd24d2d9d380fbbee7a5ac86afe9787813f285e684b0271599f95a51bce33528", size = 3600214 },
    { url = "https://files.pythonhosted.org/packages/17/c3/a7a225645a965029ed432e5b5e9ed959a574e62100afab553eef58be0e37/grpcio-1.70.0-cp312-cp312-win_amd64.whl", hash = "sha256:0495c86a55a04a874c7627fd33e5beaee771917d92c0e6d9d797628ac40e7655", size = 4292538 },
    { url = "https://files.pythonhosted.org/packages/68/38/66d0f32f88feaf7d83f8559cd87d899c970f91b1b8a8819b58226de0a496/grpcio-1.70.0-cp313-cp313-linux_armv7l.whl", hash = "sha256:aa573896aeb7d7ce10b1fa425ba263e8dddd83d71530d1322fd3a16f31257b4a", size = 5199218 },
    { url = "https://files.pythonhosted.org/packages/c1/96/947df763a0b18efb5cc6c2ae348e56d97ca520dc5300c01617b234410173/grpcio-1.70.0-cp313-cp313-macosx_10_14_universal2.whl", hash = "sha256:d405b005018fd516c9ac529f4b4122342f60ec1cee181788249372524e6db429", size = 11445983 },
    { url = "https://files.pythonhosted.org/packages/fd/5b/f3d4b063e51b2454bedb828e41f3485800889a3609c49e60f2296cc8b8e5/grpcio-1.70.0-cp313-cp313-manylinux_2_17_aarch64.whl", hash = "sha256:f32090238b720eb585248654db8e3afc87b48d26ac423c8dde8334a232ff53c9", size = 5663954 },
    { url = "https://files.pythonhosted.org/packages/bd/0b/dab54365fcedf63e9f358c1431885478e77d6f190d65668936b12dd38057/grpcio-1.70.0-cp313-cp313-manylinux_2_17_i686.manylinux2014_i686.whl", hash = "sha256:dfa089a734f24ee5f6880c83d043e4f46bf812fcea5181dcb3a572db1e79e01c", size = 6304323 },
    { url = "https://files.pythonhosted.org/packages/76/a8/8f965a7171ddd336ce32946e22954aa1bbc6f23f095e15dadaa70604ba20/grpcio-1.70.0-cp313-cp313-manylinux_2_17_x86_64.manylinux2014_x86_64.whl", hash = "sha256:f19375f0300b96c0117aca118d400e76fede6db6e91f3c34b7b035822e06c35f", size = 5910939 },
    { url = "https://files.pythonhosted.org/packages/1b/05/0bbf68be8b17d1ed6f178435a3c0c12e665a1e6054470a64ce3cb7896596/grpcio-1.70.0-cp313-cp313-musllinux_1_1_i686.whl", hash = "sha256:7c73c42102e4a5ec76608d9b60227d917cea46dff4d11d372f64cbeb56d259d0", size = 6631405 },
    { url = "https://files.pythonhosted.org/packages/79/6a/5df64b6df405a1ed1482cb6c10044b06ec47fd28e87c2232dbcf435ecb33/grpcio-1.70.0-cp313-cp313-musllinux_1_1_x86_64.whl", hash = "sha256:0a5c78d5198a1f0aa60006cd6eb1c912b4a1520b6a3968e677dbcba215fabb40", size = 6190982 },
    { url = "https://files.pythonhosted.org/packages/42/aa/aeaac87737e6d25d1048c53b8ec408c056d3ed0c922e7c5efad65384250c/grpcio-1.70.0-cp313-cp313-win32.whl", hash = "sha256:fe9dbd916df3b60e865258a8c72ac98f3ac9e2a9542dcb72b7a34d236242a5ce", size = 3598359 },
    { url = "https://files.pythonhosted.org/packages/1f/79/8edd2442d2de1431b4a3de84ef91c37002f12de0f9b577fb07b452989dbc/grpcio-1.70.0-cp313-cp313-win_amd64.whl", hash = "sha256:4119fed8abb7ff6c32e3d2255301e59c316c22d31ab812b3fbcbaf3d0d87cc68", size = 4293938 },
    { url = "https://files.pythonhosted.org/packages/9d/0e/64061c9746a2dd6e07cb0a0f3829f0a431344add77ec36397cc452541ff6/grpcio-1.70.0-cp39-cp39-linux_armv7l.whl", hash = "sha256:4f1937f47c77392ccd555728f564a49128b6a197a05a5cd527b796d36f3387d0", size = 5231123 },
    { url = "https://files.pythonhosted.org/packages/72/9f/c93501d5f361aecee0146ab19300d5acb1c2747b00217c641f06fffbcd62/grpcio-1.70.0-cp39-cp39-macosx_10_14_universal2.whl", hash = "sha256:0cd430b9215a15c10b0e7d78f51e8a39d6cf2ea819fd635a7214fae600b1da27", size = 11467217 },
    { url = "https://files.pythonhosted.org/packages/0a/1a/980d115b701023450a304881bf3f6309f6fb15787f9b78d2728074f3bf86/grpcio-1.70.0-cp39-cp39-manylinux_2_17_aarch64.whl", hash = "sha256:e27585831aa6b57b9250abaf147003e126cd3a6c6ca0c531a01996f31709bed1", size = 5710913 },
    { url = "https://files.pythonhosted.org/packages/a0/84/af420067029808f9790e98143b3dd0f943bebba434a4706755051a520c91/grpcio-1.70.0-cp39-cp39-manylinux_2_17_i686.manylinux2014_i686.whl", hash = "sha256:c1af8e15b0f0fe0eac75195992a63df17579553b0c4af9f8362cc7cc99ccddf4", size = 6330947 },
    { url = "https://files.pythonhosted.org/packages/24/1c/e1f06a7d29a1fa5053dcaf5352a50f8e1f04855fd194a65422a9d685d375/grpcio-1.70.0-cp39-cp39-manylinux_2_17_x86_64.manylinux2014_x86_64.whl", hash = "sha256:cbce24409beaee911c574a3d75d12ffb8c3e3dd1b813321b1d7a96bbcac46bf4", size = 5943913 },
    { url = "https://files.pythonhosted.org/packages/41/8f/de13838e4467519a50cd0693e98b0b2bcc81d656013c38a1dd7dcb801526/grpcio-1.70.0-cp39-cp39-musllinux_1_1_i686.whl", hash = "sha256:ff4a8112a79464919bb21c18e956c54add43ec9a4850e3949da54f61c241a4a6", size = 6643236 },
    { url = "https://files.pythonhosted.org/packages/ac/73/d68c745d34e43a80440da4f3d79fa02c56cb118c2a26ba949f3cfd8316d7/grpcio-1.70.0-cp39-cp39-musllinux_1_1_x86_64.whl", hash = "sha256:5413549fdf0b14046c545e19cfc4eb1e37e9e1ebba0ca390a8d4e9963cab44d2", size = 6199038 },
    { url = "https://files.pythonhosted.org/packages/7e/dd/991f100b8c31636b4bb2a941dbbf54dbcc55d69c722cfa038c3d017eaa0c/grpcio-1.70.0-cp39-cp39-win32.whl", hash = "sha256:b745d2c41b27650095e81dea7091668c040457483c9bdb5d0d9de8f8eb25e59f", size = 3617512 },
    { url = "https://files.pythonhosted.org/packages/4d/80/1aa2ba791207a13e314067209b48e1a0893ed8d1f43ef012e194aaa6c2de/grpcio-1.70.0-cp39-cp39-win_amd64.whl", hash = "sha256:a31d7e3b529c94e930a117b2175b2efd179d96eb3c7a21ccb0289a8ab05b645c", size = 4303506 },
]

[[package]]
name = "grpcio-tools"
version = "1.62.3"
source = { registry = "https://pypi.org/simple" }
dependencies = [
    { name = "grpcio" },
    { name = "protobuf" },
    { name = "setuptools" },
]
sdist = { url = "https://files.pythonhosted.org/packages/54/fa/b69bd8040eafc09b88bb0ec0fea59e8aacd1a801e688af087cead213b0d0/grpcio-tools-1.62.3.tar.gz", hash = "sha256:7c7136015c3d62c3eef493efabaf9e3380e3e66d24ee8e94c01cb71377f57833", size = 4538520 }
wheels = [
    { url = "https://files.pythonhosted.org/packages/ff/eb/eb0a3aa9480c3689d31fd2ad536df6a828e97a60f667c8a93d05bdf07150/grpcio_tools-1.62.3-cp310-cp310-macosx_12_0_universal2.whl", hash = "sha256:2f968b049c2849540751ec2100ab05e8086c24bead769ca734fdab58698408c1", size = 5117556 },
    { url = "https://files.pythonhosted.org/packages/f3/fb/8be3dda485f7fab906bfa02db321c3ecef953a87cdb5f6572ca08b187bcb/grpcio_tools-1.62.3-cp310-cp310-manylinux_2_17_aarch64.whl", hash = "sha256:0a8c0c4724ae9c2181b7dbc9b186df46e4f62cb18dc184e46d06c0ebeccf569e", size = 2719330 },
    { url = "https://files.pythonhosted.org/packages/63/de/6978f8d10066e240141cd63d1fbfc92818d96bb53427074f47a8eda921e1/grpcio_tools-1.62.3-cp310-cp310-manylinux_2_17_i686.manylinux2014_i686.whl", hash = "sha256:5782883a27d3fae8c425b29a9d3dcf5f47d992848a1b76970da3b5a28d424b26", size = 3070818 },
    { url = "https://files.pythonhosted.org/packages/74/34/bb8f816893fc73fd6d830e895e8638d65d13642bb7a434f9175c5ca7da11/grpcio_tools-1.62.3-cp310-cp310-manylinux_2_17_x86_64.manylinux2014_x86_64.whl", hash = "sha256:f3d812daffd0c2d2794756bd45a353f89e55dc8f91eb2fc840c51b9f6be62667", size = 2804993 },
    { url = "https://files.pythonhosted.org/packages/78/60/b2198d7db83293cdb9760fc083f077c73e4c182da06433b3b157a1567d06/grpcio_tools-1.62.3-cp310-cp310-musllinux_1_1_i686.whl", hash = "sha256:b47d0dda1bdb0a0ba7a9a6de88e5a1ed61f07fad613964879954961e36d49193", size = 3684915 },
    { url = "https://files.pythonhosted.org/packages/61/20/56dbdc4ecb14d42a03cd164ff45e6e84572bbe61ee59c50c39f4d556a8d5/grpcio_tools-1.62.3-cp310-cp310-musllinux_1_1_x86_64.whl", hash = "sha256:ca246dffeca0498be9b4e1ee169b62e64694b0f92e6d0be2573e65522f39eea9", size = 3297482 },
    { url = "https://files.pythonhosted.org/packages/4a/dc/e417a313c905744ce8cedf1e1edd81c41dc45ff400ae1c45080e18f26712/grpcio_tools-1.62.3-cp310-cp310-win32.whl", hash = "sha256:6a56d344b0bab30bf342a67e33d386b0b3c4e65868ffe93c341c51e1a8853ca5", size = 909793 },
    { url = "https://files.pythonhosted.org/packages/d9/69/75e7ebfd8d755d3e7be5c6d1aa6d13220f5bba3a98965e4b50c329046777/grpcio_tools-1.62.3-cp310-cp310-win_amd64.whl", hash = "sha256:710fecf6a171dcbfa263a0a3e7070e0df65ba73158d4c539cec50978f11dad5d", size = 1052459 },
    { url = "https://files.pythonhosted.org/packages/23/52/2dfe0a46b63f5ebcd976570aa5fc62f793d5a8b169e211c6a5aede72b7ae/grpcio_tools-1.62.3-cp311-cp311-macosx_10_10_universal2.whl", hash = "sha256:703f46e0012af83a36082b5f30341113474ed0d91e36640da713355cd0ea5d23", size = 5147623 },
    { url = "https://files.pythonhosted.org/packages/f0/2e/29fdc6c034e058482e054b4a3c2432f84ff2e2765c1342d4f0aa8a5c5b9a/grpcio_tools-1.62.3-cp311-cp311-manylinux_2_17_aarch64.whl", hash = "sha256:7cc83023acd8bc72cf74c2edbe85b52098501d5b74d8377bfa06f3e929803492", size = 2719538 },
    { url = "https://files.pythonhosted.org/packages/f9/60/abe5deba32d9ec2c76cdf1a2f34e404c50787074a2fee6169568986273f1/grpcio_tools-1.62.3-cp311-cp311-manylinux_2_17_i686.manylinux2014_i686.whl", hash = "sha256:7ff7d58a45b75df67d25f8f144936a3e44aabd91afec833ee06826bd02b7fbe7", size = 3070964 },
    { url = "https://files.pythonhosted.org/packages/bc/ad/e2b066684c75f8d9a48508cde080a3a36618064b9cadac16d019ca511444/grpcio_tools-1.62.3-cp311-cp311-manylinux_2_17_x86_64.manylinux2014_x86_64.whl", hash = "sha256:7f2483ea232bd72d98a6dc6d7aefd97e5bc80b15cd909b9e356d6f3e326b6e43", size = 2805003 },
    { url = "https://files.pythonhosted.org/packages/9c/3f/59bf7af786eae3f9d24ee05ce75318b87f541d0950190ecb5ffb776a1a58/grpcio_tools-1.62.3-cp311-cp311-musllinux_1_1_i686.whl", hash = "sha256:962c84b4da0f3b14b3cdb10bc3837ebc5f136b67d919aea8d7bb3fd3df39528a", size = 3685154 },
    { url = "https://files.pythonhosted.org/packages/f1/79/4dd62478b91e27084c67b35a2316ce8a967bd8b6cb8d6ed6c86c3a0df7cb/grpcio_tools-1.62.3-cp311-cp311-musllinux_1_1_x86_64.whl", hash = "sha256:8ad0473af5544f89fc5a1ece8676dd03bdf160fb3230f967e05d0f4bf89620e3", size = 3297942 },
    { url = "https://files.pythonhosted.org/packages/b8/cb/86449ecc58bea056b52c0b891f26977afc8c4464d88c738f9648da941a75/grpcio_tools-1.62.3-cp311-cp311-win32.whl", hash = "sha256:db3bc9fa39afc5e4e2767da4459df82b095ef0cab2f257707be06c44a1c2c3e5", size = 910231 },
    { url = "https://files.pythonhosted.org/packages/45/a4/9736215e3945c30ab6843280b0c6e1bff502910156ea2414cd77fbf1738c/grpcio_tools-1.62.3-cp311-cp311-win_amd64.whl", hash = "sha256:e0898d412a434e768a0c7e365acabe13ff1558b767e400936e26b5b6ed1ee51f", size = 1052496 },
    { url = "https://files.pythonhosted.org/packages/2a/a5/d6887eba415ce318ae5005e8dfac3fa74892400b54b6d37b79e8b4f14f5e/grpcio_tools-1.62.3-cp312-cp312-macosx_10_10_universal2.whl", hash = "sha256:d102b9b21c4e1e40af9a2ab3c6d41afba6bd29c0aa50ca013bf85c99cdc44ac5", size = 5147690 },
    { url = "https://files.pythonhosted.org/packages/8a/7c/3cde447a045e83ceb4b570af8afe67ffc86896a2fe7f59594dc8e5d0a645/grpcio_tools-1.62.3-cp312-cp312-manylinux_2_17_aarch64.whl", hash = "sha256:0a52cc9444df978438b8d2332c0ca99000521895229934a59f94f37ed896b133", size = 2720538 },
    { url = "https://files.pythonhosted.org/packages/88/07/f83f2750d44ac4f06c07c37395b9c1383ef5c994745f73c6bfaf767f0944/grpcio_tools-1.62.3-cp312-cp312-manylinux_2_17_i686.manylinux2014_i686.whl", hash = "sha256:141d028bf5762d4a97f981c501da873589df3f7e02f4c1260e1921e565b376fa", size = 3071571 },
    { url = "https://files.pythonhosted.org/packages/37/74/40175897deb61e54aca716bc2e8919155b48f33aafec8043dda9592d8768/grpcio_tools-1.62.3-cp312-cp312-manylinux_2_17_x86_64.manylinux2014_x86_64.whl", hash = "sha256:47a5c093ab256dec5714a7a345f8cc89315cb57c298b276fa244f37a0ba507f0", size = 2806207 },
    { url = "https://files.pythonhosted.org/packages/ec/ee/d8de915105a217cbcb9084d684abdc032030dcd887277f2ef167372287fe/grpcio_tools-1.62.3-cp312-cp312-musllinux_1_1_i686.whl", hash = "sha256:f6831fdec2b853c9daa3358535c55eed3694325889aa714070528cf8f92d7d6d", size = 3685815 },
    { url = "https://files.pythonhosted.org/packages/fd/d9/4360a6c12be3d7521b0b8c39e5d3801d622fbb81cc2721dbd3eee31e28c8/grpcio_tools-1.62.3-cp312-cp312-musllinux_1_1_x86_64.whl", hash = "sha256:e02d7c1a02e3814c94ba0cfe43d93e872c758bd8fd5c2797f894d0c49b4a1dfc", size = 3298378 },
    { url = "https://files.pythonhosted.org/packages/29/3b/7cdf4a9e5a3e0a35a528b48b111355cd14da601413a4f887aa99b6da468f/grpcio_tools-1.62.3-cp312-cp312-win32.whl", hash = "sha256:b881fd9505a84457e9f7e99362eeedd86497b659030cf57c6f0070df6d9c2b9b", size = 910416 },
    { url = "https://files.pythonhosted.org/packages/6c/66/dd3ec249e44c1cc15e902e783747819ed41ead1336fcba72bf841f72c6e9/grpcio_tools-1.62.3-cp312-cp312-win_amd64.whl", hash = "sha256:11c625eebefd1fd40a228fc8bae385e448c7e32a6ae134e43cf13bbc23f902b7", size = 1052856 },
    { url = "https://files.pythonhosted.org/packages/09/50/d3dd7f1c8452344dd887686309b6152de5d794329ef199d1c865804e71b1/grpcio_tools-1.62.3-cp39-cp39-macosx_10_10_universal2.whl", hash = "sha256:8e62cc7164b0b7c5128e637e394eb2ef3db0e61fc798e80c301de3b2379203ed", size = 5149946 },
    { url = "https://files.pythonhosted.org/packages/91/23/cc8c3bc3ecb2319c2835a2e56036235f021c101bd0190d7ae236c5bbcec0/grpcio_tools-1.62.3-cp39-cp39-manylinux_2_17_aarch64.whl", hash = "sha256:c8ad5cce554e2fcaf8842dee5d9462583b601a3a78f8b76a153c38c963f58c10", size = 2720693 },
    { url = "https://files.pythonhosted.org/packages/f1/b9/a0286d53f890e9d8c3a6ee63079376fe371a93d3f4a18a3919acd7410565/grpcio_tools-1.62.3-cp39-cp39-manylinux_2_17_i686.manylinux2014_i686.whl", hash = "sha256:ec279dcf3518201fc592c65002754f58a6b542798cd7f3ecd4af086422f33f29", size = 3073299 },
    { url = "https://files.pythonhosted.org/packages/3d/a5/c19deba43155e85c9344ff0aaae17264114c7d1e96de839a88eb72f3afeb/grpcio_tools-1.62.3-cp39-cp39-manylinux_2_17_x86_64.manylinux2014_x86_64.whl", hash = "sha256:1c989246c2aebc13253f08be32538a4039a64e12d9c18f6d662d7aee641dc8b5", size = 2806133 },
    { url = "https://files.pythonhosted.org/packages/ec/cc/7aa4994e1e354bc7f48b904e78cdbcd1d9b572a4896c570ee3d66645226a/grpcio_tools-1.62.3-cp39-cp39-musllinux_1_1_i686.whl", hash = "sha256:ca4f5eeadbb57cf03317d6a2857823239a63a59cc935f5bd6cf6e8b7af7a7ecc", size = 3686918 },
    { url = "https://files.pythonhosted.org/packages/24/18/cde8c2872f2b6bb9463a1166e6360f3442bfa8d3b64b8bbd96852dd67e14/grpcio_tools-1.62.3-cp39-cp39-musllinux_1_1_x86_64.whl", hash = "sha256:0cb3a3436ac119cbd37a7d3331d9bdf85dad21a6ac233a3411dff716dcbf401e", size = 3299565 },
    { url = "https://files.pythonhosted.org/packages/16/b2/78150e4615e99f3606876c7e64f1f518b7eeb6f4b696c89b627f64b5c734/grpcio_tools-1.62.3-cp39-cp39-win32.whl", hash = "sha256:3eae6ea76d62fcac091e1f15c2dcedf1dc3f114f8df1a972a8a0745e89f4cf61", size = 910819 },
    { url = "https://files.pythonhosted.org/packages/3c/c4/60d07dae95e21e45cb77d026edc5c6f996b398ca830ec391ce37cfdde9f1/grpcio_tools-1.62.3-cp39-cp39-win_amd64.whl", hash = "sha256:eec73a005443061f4759b71a056f745e3b000dc0dc125c9f20560232dfbcbd14", size = 1053499 },
]

[[package]]
name = "iniconfig"
version = "2.0.0"
source = { registry = "https://pypi.org/simple" }
sdist = { url = "https://files.pythonhosted.org/packages/d7/4b/cbd8e699e64a6f16ca3a8220661b5f83792b3017d0f79807cb8708d33913/iniconfig-2.0.0.tar.gz", hash = "sha256:2d91e135bf72d31a410b17c16da610a82cb55f6b0477d1a902134b24a455b8b3", size = 4646 }
wheels = [
    { url = "https://files.pythonhosted.org/packages/ef/a6/62565a6e1cf69e10f5727360368e451d4b7f58beeac6173dc9db836a5b46/iniconfig-2.0.0-py3-none-any.whl", hash = "sha256:b6a85871a79d2e3b22d2d1b94ac2824226a63c6b741c88f7ae975f18b6778374", size = 5892 },
]

[[package]]
name = "packaging"
version = "24.2"
source = { registry = "https://pypi.org/simple" }
sdist = { url = "https://files.pythonhosted.org/packages/d0/63/68dbb6eb2de9cb10ee4c9c14a0148804425e13c4fb20d61cce69f53106da/packaging-24.2.tar.gz", hash = "sha256:c228a6dc5e932d346bc5739379109d49e8853dd8223571c7c5b55260edc0b97f", size = 163950 }
wheels = [
    { url = "https://files.pythonhosted.org/packages/88/ef/eb23f262cca3c0c4eb7ab1933c3b1f03d021f2c48f54763065b6f0e321be/packaging-24.2-py3-none-any.whl", hash = "sha256:09abb1bccd265c01f4a3aa3f7a7db064b36514d2cba19a2f694fe6150451a759", size = 65451 },
]

[[package]]
name = "pluggy"
version = "1.5.0"
source = { registry = "https://pypi.org/simple" }
sdist = { url = "https://files.pythonhosted.org/packages/96/2d/02d4312c973c6050a18b314a5ad0b3210edb65a906f868e31c111dede4a6/pluggy-1.5.0.tar.gz", hash = "sha256:2cffa88e94fdc978c4c574f15f9e59b7f4201d439195c3715ca9e2486f1d0cf1", size = 67955 }
wheels = [
    { url = "https://files.pythonhosted.org/packages/88/5f/e351af9a41f866ac3f1fac4ca0613908d9a41741cfcf2228f4ad853b697d/pluggy-1.5.0-py3-none-any.whl", hash = "sha256:44e1ad92c8ca002de6377e165f3e0f1be63266ab4d554740532335b9d75ea669", size = 20556 },
]

[[package]]
name = "protobuf"
version = "4.25.6"
source = { registry = "https://pypi.org/simple" }
sdist = { url = "https://files.pythonhosted.org/packages/48/d5/cccc7e82bbda9909ced3e7a441a24205ea07fea4ce23a772743c0c7611fa/protobuf-4.25.6.tar.gz", hash = "sha256:f8cfbae7c5afd0d0eaccbe73267339bff605a2315860bb1ba08eb66670a9a91f", size = 380631 }
wheels = [
    { url = "https://files.pythonhosted.org/packages/42/41/0ff3559d9a0fbdb37c9452f2b84e61f7784d8d7b9850182c7ef493f523ee/protobuf-4.25.6-cp310-abi3-win32.whl", hash = "sha256:61df6b5786e2b49fc0055f636c1e8f0aff263808bb724b95b164685ac1bcc13a", size = 392454 },
    { url = "https://files.pythonhosted.org/packages/79/84/c700d6c3f3be770495b08a1c035e330497a31420e4a39a24c22c02cefc6c/protobuf-4.25.6-cp310-abi3-win_amd64.whl", hash = "sha256:b8f837bfb77513fe0e2f263250f423217a173b6d85135be4d81e96a4653bcd3c", size = 413443 },
    { url = "https://files.pythonhosted.org/packages/b7/03/361e87cc824452376c2abcef0eabd18da78a7439479ec6541cf29076a4dc/protobuf-4.25.6-cp37-abi3-macosx_10_9_universal2.whl", hash = "sha256:6d4381f2417606d7e01750e2729fe6fbcda3f9883aa0c32b51d23012bded6c91", size = 394246 },
    { url = "https://files.pythonhosted.org/packages/64/d5/7dbeb69b74fa88f297c6d8f11b7c9cef0c2e2fb1fdf155c2ca5775cfa998/protobuf-4.25.6-cp37-abi3-manylinux2014_aarch64.whl", hash = "sha256:5dd800da412ba7f6f26d2c08868a5023ce624e1fdb28bccca2dc957191e81fb5", size = 293714 },
    { url = "https://files.pythonhosted.org/packages/d4/f0/6d5c100f6b18d973e86646aa5fc09bc12ee88a28684a56fd95511bceee68/protobuf-4.25.6-cp37-abi3-manylinux2014_x86_64.whl", hash = "sha256:4434ff8bb5576f9e0c78f47c41cdf3a152c0b44de475784cd3fd170aef16205a", size = 294634 },
    { url = "https://files.pythonhosted.org/packages/f2/2d/3d28a1c513ae75808bd8663f517a9f38693aaf448a120a88788af9931832/protobuf-4.25.6-cp39-cp39-win32.whl", hash = "sha256:3f3b0b39db04b509859361ac9bca65a265fe9342e6b9406eda58029f5b1d10b2", size = 392500 },
    { url = "https://files.pythonhosted.org/packages/9d/35/0705d3ff52364af2bdd2989b09fce93c268ea7c3fc03bdc7174ec630048c/protobuf-4.25.6-cp39-cp39-win_amd64.whl", hash = "sha256:6ef2045f89d4ad8d95fd43cd84621487832a61d15b49500e4c1350e8a0ef96be", size = 413389 },
    { url = "https://files.pythonhosted.org/packages/71/eb/be11a1244d0e58ee04c17a1f939b100199063e26ecca8262c04827fe0bf5/protobuf-4.25.6-py3-none-any.whl", hash = "sha256:07972021c8e30b870cfc0863409d033af940213e0e7f64e27fe017b929d2c9f7", size = 156466 },
]

[[package]]
name = "pytest"
version = "8.3.5"
source = { registry = "https://pypi.org/simple" }
dependencies = [
    { name = "colorama", marker = "sys_platform == 'win32'" },
    { name = "exceptiongroup", marker = "python_full_version < '3.11'" },
    { name = "iniconfig" },
    { name = "packaging" },
    { name = "pluggy" },
    { name = "tomli", marker = "python_full_version < '3.11'" },
]
sdist = { url = "https://files.pythonhosted.org/packages/ae/3c/c9d525a414d506893f0cd8a8d0de7706446213181570cdbd766691164e40/pytest-8.3.5.tar.gz", hash = "sha256:f4efe70cc14e511565ac476b57c279e12a855b11f48f212af1080ef2263d3845", size = 1450891 }
wheels = [
    { url = "https://files.pythonhosted.org/packages/30/3d/64ad57c803f1fa1e963a7946b6e0fea4a70df53c1a7fed304586539c2bac/pytest-8.3.5-py3-none-any.whl", hash = "sha256:c69214aa47deac29fad6c2a4f590b9c4a9fdb16a403176fe154b79c0b4d4d820", size = 343634 },
]

[[package]]
name = "quaestor"
version = "0.9.4"
source = { editable = "." }
dependencies = [
    { name = "grpcio" },
    { name = "protobuf" },
]

[package.dev-dependencies]
dev = [
    { name = "grpcio-tools" },
    { name = "pytest" },
]

[package.metadata]
requires-dist = [
    { name = "grpcio" },
    { name = "protobuf", specifier = "<5.0" },
]

[package.metadata.requires-dev]
dev = [
    { name = "grpcio-tools", specifier = ">=1.62.3" },
    { name = "pytest", specifier = ">=8.3.5" },
]

[[package]]
name = "setuptools"
version = "75.8.2"
source = { registry = "https://pypi.org/simple" }
sdist = { url = "https://files.pythonhosted.org/packages/d1/53/43d99d7687e8cdef5ab5f9ec5eaf2c0423c2b35133a2b7e7bc276fc32b21/setuptools-75.8.2.tar.gz", hash = "sha256:4880473a969e5f23f2a2be3646b2dfd84af9028716d398e46192f84bc36900d2", size = 1344083 }
wheels = [
    { url = "https://files.pythonhosted.org/packages/a9/38/7d7362e031bd6dc121e5081d8cb6aa6f6fedf2b67bf889962134c6da4705/setuptools-75.8.2-py3-none-any.whl", hash = "sha256:558e47c15f1811c1fa7adbd0096669bf76c1d3f433f58324df69f3f5ecac4e8f", size = 1229385 },
]

[[package]]
name = "tomli"
version = "2.2.1"
source = { registry = "https://pypi.org/simple" }
sdist = { url = "https://files.pythonhosted.org/packages/18/87/302344fed471e44a87289cf4967697d07e532f2421fdaf868a303cbae4ff/tomli-2.2.1.tar.gz", hash = "sha256:cd45e1dc79c835ce60f7404ec8119f2eb06d38b1deba146f07ced3bbc44505ff", size = 17175 }
wheels = [
    { url = "https://files.pythonhosted.org/packages/43/ca/75707e6efa2b37c77dadb324ae7d9571cb424e61ea73fad7c56c2d14527f/tomli-2.2.1-cp311-cp311-macosx_10_9_x86_64.whl", hash = "sha256:678e4fa69e4575eb77d103de3df8a895e1591b48e740211bd1067378c69e8249", size = 131077 },
    { url = "https://files.pythonhosted.org/packages/c7/16/51ae563a8615d472fdbffc43a3f3d46588c264ac4f024f63f01283becfbb/tomli-2.2.1-cp311-cp311-macosx_11_0_arm64.whl", hash = "sha256:023aa114dd824ade0100497eb2318602af309e5a55595f76b626d6d9f3b7b0a6", size = 123429 },
    { url = "https://files.pythonhosted.org/packages/f1/dd/4f6cd1e7b160041db83c694abc78e100473c15d54620083dbd5aae7b990e/tomli-2.2.1-cp311-cp311-manylinux_2_17_aarch64.manylinux2014_aarch64.whl", hash = "sha256:ece47d672db52ac607a3d9599a9d48dcb2f2f735c6c2d1f34130085bb12b112a", size = 226067 },
    { url = "https://files.pythonhosted.org/packages/a9/6b/c54ede5dc70d648cc6361eaf429304b02f2871a345bbdd51e993d6cdf550/tomli-2.2.1-cp311-cp311-manylinux_2_17_x86_64.manylinux2014_x86_64.whl", hash = "sha256:6972ca9c9cc9f0acaa56a8ca1ff51e7af152a9f87fb64623e31d5c83700080ee", size = 236030 },
    { url = "https://files.pythonhosted.org/packages/1f/47/999514fa49cfaf7a92c805a86c3c43f4215621855d151b61c602abb38091/tomli-2.2.1-cp311-cp311-manylinux_2_5_i686.manylinux1_i686.manylinux_2_17_i686.manylinux2014_i686.whl", hash = "sha256:c954d2250168d28797dd4e3ac5cf812a406cd5a92674ee4c8f123c889786aa8e", size = 240898 },
    { url = "https://files.pythonhosted.org/packages/73/41/0a01279a7ae09ee1573b423318e7934674ce06eb33f50936655071d81a24/tomli-2.2.1-cp311-cp311-musllinux_1_2_aarch64.whl", hash = "sha256:8dd28b3e155b80f4d54beb40a441d366adcfe740969820caf156c019fb5c7ec4", size = 229894 },
    { url = "https://files.pythonhosted.org/packages/55/18/5d8bc5b0a0362311ce4d18830a5d28943667599a60d20118074ea1b01bb7/tomli-2.2.1-cp311-cp311-musllinux_1_2_i686.whl", hash = "sha256:e59e304978767a54663af13c07b3d1af22ddee3bb2fb0618ca1593e4f593a106", size = 245319 },
    { url = "https://files.pythonhosted.org/packages/92/a3/7ade0576d17f3cdf5ff44d61390d4b3febb8a9fc2b480c75c47ea048c646/tomli-2.2.1-cp311-cp311-musllinux_1_2_x86_64.whl", hash = "sha256:33580bccab0338d00994d7f16f4c4ec25b776af3ffaac1ed74e0b3fc95e885a8", size = 238273 },
    { url = "https://files.pythonhosted.org/packages/72/6f/fa64ef058ac1446a1e51110c375339b3ec6be245af9d14c87c4a6412dd32/tomli-2.2.1-cp311-cp311-win32.whl", hash = "sha256:465af0e0875402f1d226519c9904f37254b3045fc5084697cefb9bdde1ff99ff", size = 98310 },
    { url = "https://files.pythonhosted.org/packages/6a/1c/4a2dcde4a51b81be3530565e92eda625d94dafb46dbeb15069df4caffc34/tomli-2.2.1-cp311-cp311-win_amd64.whl", hash = "sha256:2d0f2fdd22b02c6d81637a3c95f8cd77f995846af7414c5c4b8d0545afa1bc4b", size = 108309 },
    { url = "https://files.pythonhosted.org/packages/52/e1/f8af4c2fcde17500422858155aeb0d7e93477a0d59a98e56cbfe75070fd0/tomli-2.2.1-cp312-cp312-macosx_10_13_x86_64.whl", hash = "sha256:4a8f6e44de52d5e6c657c9fe83b562f5f4256d8ebbfe4ff922c495620a7f6cea", size = 132762 },
    { url = "https://files.pythonhosted.org/packages/03/b8/152c68bb84fc00396b83e7bbddd5ec0bd3dd409db4195e2a9b3e398ad2e3/tomli-2.2.1-cp312-cp312-macosx_11_0_arm64.whl", hash = "sha256:8d57ca8095a641b8237d5b079147646153d22552f1c637fd3ba7f4b0b29167a8", size = 123453 },
    { url = "https://files.pythonhosted.org/packages/c8/d6/fc9267af9166f79ac528ff7e8c55c8181ded34eb4b0e93daa767b8841573/tomli-2.2.1-cp312-cp312-manylinux_2_17_aarch64.manylinux2014_aarch64.whl", hash = "sha256:4e340144ad7ae1533cb897d406382b4b6fede8890a03738ff1683af800d54192", size = 233486 },
    { url = "https://files.pythonhosted.org/packages/5c/51/51c3f2884d7bab89af25f678447ea7d297b53b5a3b5730a7cb2ef6069f07/tomli-2.2.1-cp312-cp312-manylinux_2_17_x86_64.manylinux2014_x86_64.whl", hash = "sha256:db2b95f9de79181805df90bedc5a5ab4c165e6ec3fe99f970d0e302f384ad222", size = 242349 },
    { url = "https://files.pythonhosted.org/packages/ab/df/bfa89627d13a5cc22402e441e8a931ef2108403db390ff3345c05253935e/tomli-2.2.1-cp312-cp312-manylinux_2_5_i686.manylinux1_i686.manylinux_2_17_i686.manylinux2014_i686.whl", hash = "sha256:40741994320b232529c802f8bc86da4e1aa9f413db394617b9a256ae0f9a7f77", size = 252159 },
    { url = "https://files.pythonhosted.org/packages/9e/6e/fa2b916dced65763a5168c6ccb91066f7639bdc88b48adda990db10c8c0b/tomli-2.2.1-cp312-cp312-musllinux_1_2_aarch64.whl", hash = "sha256:400e720fe168c0f8521520190686ef8ef033fb19fc493da09779e592861b78c6", size = 237243 },
    { url = "https://files.pythonhosted.org/packages/b4/04/885d3b1f650e1153cbb93a6a9782c58a972b94ea4483ae4ac5cedd5e4a09/tomli-2.2.1-cp312-cp312-musllinux_1_2_i686.whl", hash = "sha256:02abe224de6ae62c19f090f68da4e27b10af2b93213d36cf44e6e1c5abd19fdd", size = 259645 },
    { url = "https://files.pythonhosted.org/packages/9c/de/6b432d66e986e501586da298e28ebeefd3edc2c780f3ad73d22566034239/tomli-2.2.1-cp312-cp312-musllinux_1_2_x86_64.whl", hash = "sha256:b82ebccc8c8a36f2094e969560a1b836758481f3dc360ce9a3277c65f374285e", size = 244584 },
    { url = "https://files.pythonhosted.org/packages/1c/9a/47c0449b98e6e7d1be6cbac02f93dd79003234ddc4aaab6ba07a9a7482e2/tomli-2.2.1-cp312-cp312-win32.whl", hash = "sha256:889f80ef92701b9dbb224e49ec87c645ce5df3fa2cc548664eb8a25e03127a98", size = 98875 },
    { url = "https://files.pythonhosted.org/packages/ef/60/9b9638f081c6f1261e2688bd487625cd1e660d0a85bd469e91d8db969734/tomli-2.2.1-cp312-cp312-win_amd64.whl", hash = "sha256:7fc04e92e1d624a4a63c76474610238576942d6b8950a2d7f908a340494e67e4", size = 109418 },
    { url = "https://files.pythonhosted.org/packages/04/90/2ee5f2e0362cb8a0b6499dc44f4d7d48f8fff06d28ba46e6f1eaa61a1388/tomli-2.2.1-cp313-cp313-macosx_10_13_x86_64.whl", hash = "sha256:f4039b9cbc3048b2416cc57ab3bda989a6fcf9b36cf8937f01a6e731b64f80d7", size = 132708 },
    { url = "https://files.pythonhosted.org/packages/c0/ec/46b4108816de6b385141f082ba99e315501ccd0a2ea23db4a100dd3990ea/tomli-2.2.1-cp313-cp313-macosx_11_0_arm64.whl", hash = "sha256:286f0ca2ffeeb5b9bd4fcc8d6c330534323ec51b2f52da063b11c502da16f30c", size = 123582 },
    { url = "https://files.pythonhosted.org/packages/a0/bd/b470466d0137b37b68d24556c38a0cc819e8febe392d5b199dcd7f578365/tomli-2.2.1-cp313-cp313-manylinux_2_17_aarch64.manylinux2014_aarch64.whl", hash = "sha256:a92ef1a44547e894e2a17d24e7557a5e85a9e1d0048b0b5e7541f76c5032cb13", size = 232543 },
    { url = "https://files.pythonhosted.org/packages/d9/e5/82e80ff3b751373f7cead2815bcbe2d51c895b3c990686741a8e56ec42ab/tomli-2.2.1-cp313-cp313-manylinux_2_17_x86_64.manylinux2014_x86_64.whl", hash = "sha256:9316dc65bed1684c9a98ee68759ceaed29d229e985297003e494aa825ebb0281", size = 241691 },
    { url = "https://files.pythonhosted.org/packages/05/7e/2a110bc2713557d6a1bfb06af23dd01e7dde52b6ee7dadc589868f9abfac/tomli-2.2.1-cp313-cp313-manylinux_2_5_i686.manylinux1_i686.manylinux_2_17_i686.manylinux2014_i686.whl", hash = "sha256:e85e99945e688e32d5a35c1ff38ed0b3f41f43fad8df0bdf79f72b2ba7bc5272", size = 251170 },
    { url = "https://files.pythonhosted.org/packages/64/7b/22d713946efe00e0adbcdfd6d1aa119ae03fd0b60ebed51ebb3fa9f5a2e5/tomli-2.2.1-cp313-cp313-musllinux_1_2_aarch64.whl", hash = "sha256:ac065718db92ca818f8d6141b5f66369833d4a80a9d74435a268c52bdfa73140", size = 236530 },
    { url = "https://files.pythonhosted.org/packages/38/31/3a76f67da4b0cf37b742ca76beaf819dca0ebef26d78fc794a576e08accf/tomli-2.2.1-cp313-cp313-musllinux_1_2_i686.whl", hash = "sha256:d920f33822747519673ee656a4b6ac33e382eca9d331c87770faa3eef562aeb2", size = 258666 },
    { url = "https://files.pythonhosted.org/packages/07/10/5af1293da642aded87e8a988753945d0cf7e00a9452d3911dd3bb354c9e2/tomli-2.2.1-cp313-cp313-musllinux_1_2_x86_64.whl", hash = "sha256:a198f10c4d1b1375d7687bc25294306e551bf1abfa4eace6650070a5c1ae2744", size = 243954 },
    { url = "https://files.pythonhosted.org/packages/5b/b9/1ed31d167be802da0fc95020d04cd27b7d7065cc6fbefdd2f9186f60d7bd/tomli-2.2.1-cp313-cp313-win32.whl", hash = "sha256:d3f5614314d758649ab2ab3a62d4f2004c825922f9e370b29416484086b264ec", size = 98724 },
    { url = "https://files.pythonhosted.org/packages/c7/32/b0963458706accd9afcfeb867c0f9175a741bf7b19cd424230714d722198/tomli-2.2.1-cp313-cp313-win_amd64.whl", hash = "sha256:a38aa0308e754b0e3c67e344754dff64999ff9b513e691d0e786265c93583c69", size = 109383 },
    { url = "https://files.pythonhosted.org/packages/6e/c2/61d3e0f47e2b74ef40a68b9e6ad5984f6241a942f7cd3bbfbdbd03861ea9/tomli-2.2.1-py3-none-any.whl", hash = "sha256:cb55c73c5f4408779d0cf3eef9f762b9c9f147a77de7b258bef0a5628adc85cc", size = 14257 },
]
