
Microsoft Visual Studio Solution File, Format Version 12.00
# Visual Studio Version 17
VisualStudioVersion = 17.0.32014.148
MinimumVisualStudioVersion = 10.0.40219.1
Project("{2150E333-8FDC-42A3-9474-1A3956D46DE8}") = "examples", "examples", "{918331E4-8260-40B7-AF84-D1AFDE7C82A0}"
EndProject
Project("{2150E333-8FDC-42A3-9474-1A3956D46DE8}") = "HelloWorld", "HelloWorld", "{583579C2-6BC5-4CF2-9D95-276D2C6973F8}"
EndProject
Project("{2150E333-8FDC-42A3-9474-1A3956D46DE8}") = "src", "src", "{C12CA5A1-BC58-4128-AA0A-53531D4D99FE}"
	ProjectSection(SolutionItems) = preProject
		src\Directory.Build.props = src\Directory.Build.props
	EndProjectSection
EndProject
Project("{9A19103F-16F7-4668-BE54-9A1E7A4F7556}") = "Quaestor.Environment", "src\Quaestor.Environment\Quaestor.Environment.csproj", "{8F677CAD-A8DF-473E-B714-131027F37C8F}"
EndProject
Project("{9A19103F-16F7-4668-BE54-9A1E7A4F7556}") = "WorkerProcess", "examples\HelloWorld\WorkerProcess\WorkerProcess.csproj", "{26527529-B0AA-4768-8ACF-3BBA8CD0101B}"
EndProject
Project("{9A19103F-16F7-4668-BE54-9A1E7A4F7556}") = "HelloWorld", "examples\HelloWorld\HelloWorld\HelloWorld.csproj", "{F06BE977-A0DF-4FDE-AFF0-329FEECB18C9}"
EndProject
Project("{9A19103F-16F7-4668-BE54-9A1E7A4F7556}") = "Quaestor.KeyValueStore", "src\Quaestor.KeyValueStore\Quaestor.KeyValueStore.csproj", "{52F8B9B9-D2C2-4F39-9AA2-5A294A2E8202}"
EndProject
Project("{2150E333-8FDC-42A3-9474-1A3956D46DE8}") = "tests", "tests", "{42F39A18-2681-4FB2-B73D-A44A6E2EC068}"
EndProject
Project("{9A19103F-16F7-4668-BE54-9A1E7A4F7556}") = "Quaestor.KeyValueStore.Tests", "tests\Quaestor.KeyValueStore.Tests\Quaestor.KeyValueStore.Tests.csproj", "{EBEAFE62-DC9A-43DB-B4AC-95743288457C}"
EndProject
Project("{9A19103F-16F7-4668-BE54-9A1E7A4F7556}") = "Quaestor.Utilities", "src\Quaestor.Utilities\Quaestor.Utilities.csproj", "{27CD6061-BCB1-4803-9397-00E48D042B48}"
EndProject
Project("{9A19103F-16F7-4668-BE54-9A1E7A4F7556}") = "Quaestor.LoadBalancing", "src\Quaestor.LoadBalancing\Quaestor.LoadBalancing.csproj", "{C30BEE95-DDA1-4130-BBBE-7C9EC1249197}"
EndProject
Project("{9A19103F-16F7-4668-BE54-9A1E7A4F7556}") = "Quaestor.MiniCluster", "src\Quaestor.MiniCluster\Quaestor.MiniCluster.csproj", "{FD5FC1F0-7D82-4AA8-8A41-5F591C5271A6}"
EndProject
Project("{9A19103F-16F7-4668-BE54-9A1E7A4F7556}") = "Quaestor.LoadBalancing.Tests", "tests\Quaestor.LoadBalancing.Tests\Quaestor.LoadBalancing.Tests.csproj", "{45AD1A47-8608-4C65-BBE6-BCB77CCBFF26}"
EndProject
Project("{9A19103F-16F7-4668-BE54-9A1E7A4F7556}") = "Quaestor.LoadReporting", "src\Quaestor.LoadReporting\Quaestor.LoadReporting.csproj", "{0B35596F-E2BE-4F96-8588-D101A7C6EDC0}"
EndProject
Project("{9A19103F-16F7-4668-BE54-9A1E7A4F7556}") = "Quaestor.LoadReporting.Tests", "tests\Quaestor.LoadReporting.Tests\Quaestor.LoadReporting.Tests.csproj", "{C74F78B7-1A46-4E9D-BA59-9C2C1F3B9D1D}"
EndProject
Project("{9A19103F-16F7-4668-BE54-9A1E7A4F7556}") = "Quaestor.ServiceDiscovery", "src\Quaestor.ServiceDiscovery\Quaestor.ServiceDiscovery.csproj", "{8624A6AD-24B5-4DDC-A56C-E5E1E8ED0182}"
EndProject
Project("{9A19103F-16F7-4668-BE54-9A1E7A4F7556}") = "Quaestor.Console", "src\Quaestor.Console\Quaestor.Console.csproj", "{8D593B3A-6919-4197-A266-54E2A5E85B7C}"
EndProject
Project("{9A19103F-16F7-4668-BE54-9A1E7A4F7556}") = "Quaestor.Utilities.Tests", "tests\Quaestor.Utilities.Tests\Quaestor.Utilities.Tests.csproj", "{3B67F974-2724-454C-8932-FE0757CCAC73}"
EndProject
Project("{9A19103F-16F7-4668-BE54-9A1E7A4F7556}") = "Quaestor.Cluster.Console", "src\Quaestor.Cluster.Console\Quaestor.Cluster.Console.csproj", "{783BD428-6DFC-427F-A2A9-57CCE2A6A2CB}"
EndProject
Project("{9A19103F-16F7-4668-BE54-9A1E7A4F7556}") = "Quaestor.LoadBalancer.Console", "src\Quaestor.LoadBalancer.Console\Quaestor.LoadBalancer.Console.csproj", "{D7BDA766-46D4-41FC-90E1-8077ED7190CA}"
EndProject
Global
	GlobalSection(SolutionConfigurationPlatforms) = preSolution
		Debug|Any CPU = Debug|Any CPU
		Release|Any CPU = Release|Any CPU
	EndGlobalSection
	GlobalSection(ProjectConfigurationPlatforms) = postSolution
		{8F677CAD-A8DF-473E-B714-131027F37C8F}.Debug|Any CPU.ActiveCfg = Debug|Any CPU
		{8F677CAD-A8DF-473E-B714-131027F37C8F}.Debug|Any CPU.Build.0 = Debug|Any CPU
		{8F677CAD-A8DF-473E-B714-131027F37C8F}.Release|Any CPU.ActiveCfg = Release|Any CPU
		{8F677CAD-A8DF-473E-B714-131027F37C8F}.Release|Any CPU.Build.0 = Release|Any CPU
		{26527529-B0AA-4768-8ACF-3BBA8CD0101B}.Debug|Any CPU.ActiveCfg = Debug|Any CPU
		{26527529-B0AA-4768-8ACF-3BBA8CD0101B}.Debug|Any CPU.Build.0 = Debug|Any CPU
		{26527529-B0AA-4768-8ACF-3BBA8CD0101B}.Release|Any CPU.ActiveCfg = Release|Any CPU
		{26527529-B0AA-4768-8ACF-3BBA8CD0101B}.Release|Any CPU.Build.0 = Release|Any CPU
		{F06BE977-A0DF-4FDE-AFF0-329FEECB18C9}.Debug|Any CPU.ActiveCfg = Debug|Any CPU
		{F06BE977-A0DF-4FDE-AFF0-329FEECB18C9}.Debug|Any CPU.Build.0 = Debug|Any CPU
		{F06BE977-A0DF-4FDE-AFF0-329FEECB18C9}.Release|Any CPU.ActiveCfg = Release|Any CPU
		{F06BE977-A0DF-4FDE-AFF0-329FEECB18C9}.Release|Any CPU.Build.0 = Release|Any CPU
		{52F8B9B9-D2C2-4F39-9AA2-5A294A2E8202}.Debug|Any CPU.ActiveCfg = Debug|Any CPU
		{52F8B9B9-D2C2-4F39-9AA2-5A294A2E8202}.Debug|Any CPU.Build.0 = Debug|Any CPU
		{52F8B9B9-D2C2-4F39-9AA2-5A294A2E8202}.Release|Any CPU.ActiveCfg = Release|Any CPU
		{52F8B9B9-D2C2-4F39-9AA2-5A294A2E8202}.Release|Any CPU.Build.0 = Release|Any CPU
		{EBEAFE62-DC9A-43DB-B4AC-95743288457C}.Debug|Any CPU.ActiveCfg = Debug|Any CPU
		{EBEAFE62-DC9A-43DB-B4AC-95743288457C}.Debug|Any CPU.Build.0 = Debug|Any CPU
		{EBEAFE62-DC9A-43DB-B4AC-95743288457C}.Release|Any CPU.ActiveCfg = Release|Any CPU
		{EBEAFE62-DC9A-43DB-B4AC-95743288457C}.Release|Any CPU.Build.0 = Release|Any CPU
		{27CD6061-BCB1-4803-9397-00E48D042B48}.Debug|Any CPU.ActiveCfg = Debug|Any CPU
		{27CD6061-BCB1-4803-9397-00E48D042B48}.Debug|Any CPU.Build.0 = Debug|Any CPU
		{27CD6061-BCB1-4803-9397-00E48D042B48}.Release|Any CPU.ActiveCfg = Release|Any CPU
		{27CD6061-BCB1-4803-9397-00E48D042B48}.Release|Any CPU.Build.0 = Release|Any CPU
		{C30BEE95-DDA1-4130-BBBE-7C9EC1249197}.Debug|Any CPU.ActiveCfg = Debug|Any CPU
		{C30BEE95-DDA1-4130-BBBE-7C9EC1249197}.Debug|Any CPU.Build.0 = Debug|Any CPU
		{C30BEE95-DDA1-4130-BBBE-7C9EC1249197}.Release|Any CPU.ActiveCfg = Release|Any CPU
		{C30BEE95-DDA1-4130-BBBE-7C9EC1249197}.Release|Any CPU.Build.0 = Release|Any CPU
		{FD5FC1F0-7D82-4AA8-8A41-5F591C5271A6}.Debug|Any CPU.ActiveCfg = Debug|Any CPU
		{FD5FC1F0-7D82-4AA8-8A41-5F591C5271A6}.Debug|Any CPU.Build.0 = Debug|Any CPU
		{FD5FC1F0-7D82-4AA8-8A41-5F591C5271A6}.Release|Any CPU.ActiveCfg = Release|Any CPU
		{FD5FC1F0-7D82-4AA8-8A41-5F591C5271A6}.Release|Any CPU.Build.0 = Release|Any CPU
		{45AD1A47-8608-4C65-BBE6-BCB77CCBFF26}.Debug|Any CPU.ActiveCfg = Debug|Any CPU
		{45AD1A47-8608-4C65-BBE6-BCB77CCBFF26}.Debug|Any CPU.Build.0 = Debug|Any CPU
		{45AD1A47-8608-4C65-BBE6-BCB77CCBFF26}.Release|Any CPU.ActiveCfg = Release|Any CPU
		{45AD1A47-8608-4C65-BBE6-BCB77CCBFF26}.Release|Any CPU.Build.0 = Release|Any CPU
		{0B35596F-E2BE-4F96-8588-D101A7C6EDC0}.Debug|Any CPU.ActiveCfg = Debug|Any CPU
		{0B35596F-E2BE-4F96-8588-D101A7C6EDC0}.Debug|Any CPU.Build.0 = Debug|Any CPU
		{0B35596F-E2BE-4F96-8588-D101A7C6EDC0}.Release|Any CPU.ActiveCfg = Release|Any CPU
		{0B35596F-E2BE-4F96-8588-D101A7C6EDC0}.Release|Any CPU.Build.0 = Release|Any CPU
		{C74F78B7-1A46-4E9D-BA59-9C2C1F3B9D1D}.Debug|Any CPU.ActiveCfg = Debug|Any CPU
		{C74F78B7-1A46-4E9D-BA59-9C2C1F3B9D1D}.Debug|Any CPU.Build.0 = Debug|Any CPU
		{C74F78B7-1A46-4E9D-BA59-9C2C1F3B9D1D}.Release|Any CPU.ActiveCfg = Release|Any CPU
		{C74F78B7-1A46-4E9D-BA59-9C2C1F3B9D1D}.Release|Any CPU.Build.0 = Release|Any CPU
		{8624A6AD-24B5-4DDC-A56C-E5E1E8ED0182}.Debug|Any CPU.ActiveCfg = Debug|Any CPU
		{8624A6AD-24B5-4DDC-A56C-E5E1E8ED0182}.Debug|Any CPU.Build.0 = Debug|Any CPU
		{8624A6AD-24B5-4DDC-A56C-E5E1E8ED0182}.Release|Any CPU.ActiveCfg = Release|Any CPU
		{8624A6AD-24B5-4DDC-A56C-E5E1E8ED0182}.Release|Any CPU.Build.0 = Release|Any CPU
		{8D593B3A-6919-4197-A266-54E2A5E85B7C}.Debug|Any CPU.ActiveCfg = Debug|Any CPU
		{8D593B3A-6919-4197-A266-54E2A5E85B7C}.Debug|Any CPU.Build.0 = Debug|Any CPU
		{8D593B3A-6919-4197-A266-54E2A5E85B7C}.Release|Any CPU.ActiveCfg = Release|Any CPU
		{8D593B3A-6919-4197-A266-54E2A5E85B7C}.Release|Any CPU.Build.0 = Release|Any CPU
		{3B67F974-2724-454C-8932-FE0757CCAC73}.Debug|Any CPU.ActiveCfg = Debug|Any CPU
		{3B67F974-2724-454C-8932-FE0757CCAC73}.Debug|Any CPU.Build.0 = Debug|Any CPU
		{3B67F974-2724-454C-8932-FE0757CCAC73}.Release|Any CPU.ActiveCfg = Release|Any CPU
		{3B67F974-2724-454C-8932-FE0757CCAC73}.Release|Any CPU.Build.0 = Release|Any CPU
		{783BD428-6DFC-427F-A2A9-57CCE2A6A2CB}.Debug|Any CPU.ActiveCfg = Debug|Any CPU
		{783BD428-6DFC-427F-A2A9-57CCE2A6A2CB}.Debug|Any CPU.Build.0 = Debug|Any CPU
		{783BD428-6DFC-427F-A2A9-57CCE2A6A2CB}.Release|Any CPU.ActiveCfg = Release|Any CPU
		{783BD428-6DFC-427F-A2A9-57CCE2A6A2CB}.Release|Any CPU.Build.0 = Release|Any CPU
		{D7BDA766-46D4-41FC-90E1-8077ED7190CA}.Debug|Any CPU.ActiveCfg = Debug|Any CPU
		{D7BDA766-46D4-41FC-90E1-8077ED7190CA}.Debug|Any CPU.Build.0 = Debug|Any CPU
		{D7BDA766-46D4-41FC-90E1-8077ED7190CA}.Release|Any CPU.ActiveCfg = Release|Any CPU
		{D7BDA766-46D4-41FC-90E1-8077ED7190CA}.Release|Any CPU.Build.0 = Release|Any CPU
	EndGlobalSection
	GlobalSection(SolutionProperties) = preSolution
		HideSolutionNode = FALSE
	EndGlobalSection
	GlobalSection(NestedProjects) = preSolution
		{583579C2-6BC5-4CF2-9D95-276D2C6973F8} = {918331E4-8260-40B7-AF84-D1AFDE7C82A0}
		{8F677CAD-A8DF-473E-B714-131027F37C8F} = {C12CA5A1-BC58-4128-AA0A-53531D4D99FE}
		{26527529-B0AA-4768-8ACF-3BBA8CD0101B} = {583579C2-6BC5-4CF2-9D95-276D2C6973F8}
		{F06BE977-A0DF-4FDE-AFF0-329FEECB18C9} = {583579C2-6BC5-4CF2-9D95-276D2C6973F8}
		{52F8B9B9-D2C2-4F39-9AA2-5A294A2E8202} = {C12CA5A1-BC58-4128-AA0A-53531D4D99FE}
		{EBEAFE62-DC9A-43DB-B4AC-95743288457C} = {42F39A18-2681-4FB2-B73D-A44A6E2EC068}
		{27CD6061-BCB1-4803-9397-00E48D042B48} = {C12CA5A1-BC58-4128-AA0A-53531D4D99FE}
		{C30BEE95-DDA1-4130-BBBE-7C9EC1249197} = {C12CA5A1-BC58-4128-AA0A-53531D4D99FE}
		{FD5FC1F0-7D82-4AA8-8A41-5F591C5271A6} = {C12CA5A1-BC58-4128-AA0A-53531D4D99FE}
		{45AD1A47-8608-4C65-BBE6-BCB77CCBFF26} = {42F39A18-2681-4FB2-B73D-A44A6E2EC068}
		{0B35596F-E2BE-4F96-8588-D101A7C6EDC0} = {C12CA5A1-BC58-4128-AA0A-53531D4D99FE}
		{C74F78B7-1A46-4E9D-BA59-9C2C1F3B9D1D} = {42F39A18-2681-4FB2-B73D-A44A6E2EC068}
		{8624A6AD-24B5-4DDC-A56C-E5E1E8ED0182} = {C12CA5A1-BC58-4128-AA0A-53531D4D99FE}
		{8D593B3A-6919-4197-A266-54E2A5E85B7C} = {C12CA5A1-BC58-4128-AA0A-53531D4D99FE}
		{3B67F974-2724-454C-8932-FE0757CCAC73} = {42F39A18-2681-4FB2-B73D-A44A6E2EC068}
		{783BD428-6DFC-427F-A2A9-57CCE2A6A2CB} = {C12CA5A1-BC58-4128-AA0A-53531D4D99FE}
		{D7BDA766-46D4-41FC-90E1-8077ED7190CA} = {C12CA5A1-BC58-4128-AA0A-53531D4D99FE}
	EndGlobalSection
	GlobalSection(ExtensibilityGlobals) = postSolution
		SolutionGuid = {7D4A5BDA-D4FC-4BDA-98A4-6C2669B5FFC0}
	EndGlobalSection
EndGlobal
