# This file was autogenerated by uv via the following command:
#    uv pip compile pyproject.toml --all-extras --output-file uv.lock
colorama==0.4.6
    # via pytest
grpcio==1.73.0
    # via
    #   quaestor (pyproject.toml)
    #   grpcio-tools
grpcio-tools==1.62.3
    # via quaestor (pyproject.toml)
iniconfig==2.1.0
    # via pytest
packaging==25.0
    # via pytest
pluggy==1.6.0
    # via pytest
protobuf==4.25.8
    # via
    #   quaestor (pyproject.toml)
    #   grpcio-tools
pygments==2.19.1
    # via pytest
pytest==8.4.1
    # via quaestor (pyproject.toml)
setuptools==80.9.0
    # via grpcio-tools
